
Microsoft Visual Studio Solution File, Format Version 12.00
# Visual Studio Version 16
VisualStudioVersion = 16.0.29709.97
MinimumVisualStudioVersion = 10.0.40219.1
Project("{8BC9CEB8-8B4A-11D0-8D11-00A0C91BC942}") = "Homework2", "Homework2.vcxproj", "{FC257918-2F48-459F-AE7E-9D20F9361F97}"
EndProject
Global
	GlobalSection(SolutionConfigurationPlatforms) = preSolution
		Debug|x64 = Debug|x64
		Debug|x86 = Debug|x86
		Release|x64 = Release|x64
		Release|x86 = Release|x86
	EndGlobalSection
	GlobalSection(ProjectConfigurationPlatforms) = postSolution
		{FC257918-2F48-459F-AE7E-9D20F9361F97}.Debug|x64.ActiveCfg = Debug|x64
		{FC257918-2F48-459F-AE7E-9D20F9361F97}.Debug|x64.Build.0 = Debug|x64
		{FC257918-2F48-459F-AE7E-9D20F9361F97}.Debug|x86.ActiveCfg = Debug|Win32
		{FC257918-2F48-459F-AE7E-9D20F9361F97}.Debug|x86.Build.0 = Debug|Win32
		{FC257918-2F48-459F-AE7E-9D20F9361F97}.Release|x64.ActiveCfg = Release|x64
		{FC257918-2F48-459F-AE7E-9D20F9361F97}.Release|x64.Build.0 = Release|x64
		{FC257918-2F48-459F-AE7E-9D20F9361F97}.Release|x86.ActiveCfg = Release|Win32
		{FC257918-2F48-459F-AE7E-9D20F9361F97}.Release|x86.Build.0 = Release|Win32
	EndGlobalSection
	GlobalSection(SolutionProperties) = preSolution
		HideSolutionNode = FALSE
	EndGlobalSection
	GlobalSection(ExtensibilityGlobals) = postSolution
		SolutionGuid = {953FEC3C-52C8-4D92-AF68-3727FAD0EADA}
	EndGlobalSection
EndGlobal
